
Microsoft Visual Studio Solution File, Format Version 12.00
# Visual Studio Version 16
VisualStudioVersion = 16.0.30804.86
MinimumVisualStudioVersion = 10.0.40219.1
Project("{FAE04EC0-301F-11D3-BF4B-00C04F79EFBC}") = "USoundServer", "USoundServer.csproj", "{77AAA10B-6978-4E96-9550-F90CC5BA2D59}"
EndProject
Global
	GlobalSection(SolutionConfigurationPlatforms) = preSolution
		Debug|Any CPU = Debug|Any CPU
		Release|Any CPU = Release|Any CPU
	EndGlobalSection
	GlobalSection(ProjectConfigurationPlatforms) = postSolution
		{77AAA10B-6978-4E96-9550-F90CC5BA2D59}.Debug|Any CPU.ActiveCfg = Debug|Any CPU
		{77AAA10B-6978-4E96-9550-F90CC5BA2D59}.Debug|Any CPU.Build.0 = Debug|Any CPU
		{77AAA10B-6978-4E96-9550-F90CC5BA2D59}.Release|Any CPU.ActiveCfg = Release|Any CPU
		{77AAA10B-6978-4E96-9550-F90CC5BA2D59}.Release|Any CPU.Build.0 = Release|Any CPU
	EndGlobalSection
	GlobalSection(SolutionProperties) = preSolution
		HideSolutionNode = FALSE
	EndGlobalSection
	GlobalSection(ExtensibilityGlobals) = postSolution
		SolutionGuid = {2A1AD32F-5EC4-4CDB-A58A-ECA502A60C8F}
	EndGlobalSection
EndGlobal
